// !$*UTF8*$!
{
	archiveVersion = 1;
	classes = {
	};
	objectVersion = 54;
	objects = {

/* Begin PBXBuildFile section */
		00E356F31AD99517003FC87E /* HarrjTests.m in Sources */ = {isa = PBXBuildFile; fileRef = 00E356F21AD99517003FC87E /* HarrjTests.m */; };
		0C80B921A6F3F58F76C31292 /* libPods-Harrj.a in Frameworks */ = {isa = PBXBuildFile; fileRef = 5DCACB8F33CDC322A6C60F78 /* libPods-Harrj.a */; };
		13B07FBC1A68108700A75B9A /* AppDelegate.mm in Sources */ = {isa = PBXBuildFile; fileRef = 13B07FB01A68108700A75B9A /* AppDelegate.mm */; };
		13B07FBF1A68108700A75B9A /* Images.xcassets in Resources */ = {isa = PBXBuildFile; fileRef = 13B07FB51A68108700A75B9A /* Images.xcassets */; };
		13B07FC11A68108700A75B9A /* main.m in Sources */ = {isa = PBXBuildFile; fileRef = 13B07FB71A68108700A75B9A /* main.m */; };
		7699B88040F8A987B510C191 /* libPods-Harrj-HarrjTests.a in Frameworks */ = {isa = PBXBuildFile; fileRef = 19F6CBCC0A4E27FBF8BF4A61 /* libPods-Harrj-HarrjTests.a */; };
		81AB9BB82411601600AC10FF /* LaunchScreen.storyboard in Resources */ = {isa = PBXBuildFile; fileRef = 81AB9BB72411601600AC10FF /* LaunchScreen.storyboard */; };
		2DDDC97D58284FA2A000DDEC /* Cairo-Black.ttf in Resources */ = {isa = PBXBuildFile; fileRef = 6058864DA38040EF8BD5C50C /* Cairo-Black.ttf */; };
		32E68EBCA3DB468785E9EE5F /* Cairo-Bold.ttf in Resources */ = {isa = PBXBuildFile; fileRef = D34984E22CBF4D999CA16176 /* Cairo-Bold.ttf */; };
		6D20E1B3A9004BB3B14DC4E6 /* cairo-extra-light.ttf in Resources */ = {isa = PBXBuildFile; fileRef = 292F352A8385415386C4D2BF /* cairo-extra-light.ttf */; };
		06C24989C6174C238C799285 /* Cairo-Light.ttf in Resources */ = {isa = PBXBuildFile; fileRef = B99255493B3C447587A19EEA /* Cairo-Light.ttf */; };
		504225BEB42943F5936F4CD3 /* Cairo-SemiBold.ttf in Resources */ = {isa = PBXBuildFile; fileRef = B77612CCAE104CD098DBBFD3 /* Cairo-SemiBold.ttf */; };
		490ED65E720B49A5B2A194ED /* Rasa-Bold.ttf in Resources */ = {isa = PBXBuildFile; fileRef = 97C7BEDC3A4740D1A530717A /* Rasa-Bold.ttf */; };
		B78EBD6225844A6B8F30353F /* Rasa-BoldItalic.ttf in Resources */ = {isa = PBXBuildFile; fileRef = 5328D2B2A78243E488D9D029 /* Rasa-BoldItalic.ttf */; };
		36CB3B85F0B046A19257482E /* Rasa-Italic.ttf in Resources */ = {isa = PBXBuildFile; fileRef = DA30DAB3D9B1447792332C8B /* Rasa-Italic.ttf */; };
		F8CF5D0B21CC4533B196FD46 /* Rasa-Light.ttf in Resources */ = {isa = PBXBuildFile; fileRef = 953200C5A96D41CBBED11CEB /* Rasa-Light.ttf */; };
		9FF7C458631B4245A53CD97F /* Rasa-LightItalic.ttf in Resources */ = {isa = PBXBuildFile; fileRef = 9A7B582B418146C6BAADCE1B /* Rasa-LightItalic.ttf */; };
		324B7E2FAA344293B7EB78A8 /* Rasa-Medium.ttf in Resources */ = {isa = PBXBuildFile; fileRef = 01A269FCC2414AD4A6044A0B /* Rasa-Medium.ttf */; };
		D0E1CD770219444FBF6E3D49 /* Rasa-MediumItalic.ttf in Resources */ = {isa = PBXBuildFile; fileRef = 9EE327211E8C42E498433EA8 /* Rasa-MediumItalic.ttf */; };
		93960A8AD8E943F58E5F2E13 /* Rasa-Regular.ttf in Resources */ = {isa = PBXBuildFile; fileRef = 57766E3D2D9B4E01840C2248 /* Rasa-Regular.ttf */; };
		7E9B8EAC670F4AE1B59FA020 /* Rasa-SemiBold.ttf in Resources */ = {isa = PBXBuildFile; fileRef = 67A2D4D06C484CF98275FE0C /* Rasa-SemiBold.ttf */; };
		74D5233F0B2E4E128B8AAD13 /* Rasa-SemiBoldItalic.ttf in Resources */ = {isa = PBXBuildFile; fileRef = 510A1248762C499886E8CC48 /* Rasa-SemiBoldItalic.ttf */; };
		63B9EF8CCB1C441EB6BDFBAF /* Rubik-Black.ttf in Resources */ = {isa = PBXBuildFile; fileRef = 9372482EF21647288C586902 /* Rubik-Black.ttf */; };
		8DF5B944957941C1BE5864ED /* Rubik-BlackItalic.ttf in Resources */ = {isa = PBXBuildFile; fileRef = 56D93AE8A2ED4B1998F229CA /* Rubik-BlackItalic.ttf */; };
		91123E48429A48FE81F855F2 /* Rubik-Bold.ttf in Resources */ = {isa = PBXBuildFile; fileRef = 2729FA624C4C449A88FE445E /* Rubik-Bold.ttf */; };
		8522C32CB5B942A7B5D7DA9F /* Rubik-BoldItalic.ttf in Resources */ = {isa = PBXBuildFile; fileRef = 0AE06F251A684C83B55CEBEB /* Rubik-BoldItalic.ttf */; };
		09ECE00D2DE74A0C9D7EB13B /* Rubik-ExtraBold.ttf in Resources */ = {isa = PBXBuildFile; fileRef = FE8ACA37DC6B46C5BD4C25FE /* Rubik-ExtraBold.ttf */; };
		2F566D03D4124A2A8F5D2BD0 /* Rubik-ExtraBoldItalic.ttf in Resources */ = {isa = PBXBuildFile; fileRef = 366FDEFBFC674B489A5AA2BF /* Rubik-ExtraBoldItalic.ttf */; };
		A3EC059CA8E44F37813C17F5 /* Rubik-Italic-VariableFont_wght.ttf in Resources */ = {isa = PBXBuildFile; fileRef = 57180210ACF948FE8D5AAFA0 /* Rubik-Italic-VariableFont_wght.ttf */; };
		47C33A3234514235B11F8E6C /* Rubik-Italic.ttf in Resources */ = {isa = PBXBuildFile; fileRef = 78141303385D4FD3BDD2DD1A /* Rubik-Italic.ttf */; };
		252AFE699D3D4A6EBDA9E209 /* Rubik-Light.ttf in Resources */ = {isa = PBXBuildFile; fileRef = 3CDBAA6AC80F4BBD9597002F /* Rubik-Light.ttf */; };
		D47F772BB4DB46A2A704040B /* Rubik-LightItalic.ttf in Resources */ = {isa = PBXBuildFile; fileRef = 707ABD69491043D78C631191 /* Rubik-LightItalic.ttf */; };
		F1B13D1548214BBBBA92F342 /* Rubik-Medium.ttf in Resources */ = {isa = PBXBuildFile; fileRef = E19600928DB44D988F7B4AC3 /* Rubik-Medium.ttf */; };
		BCCCCC550AB647158337AA78 /* Rubik-MediumItalic.ttf in Resources */ = {isa = PBXBuildFile; fileRef = D76FDE7BA06F4E69932C05F8 /* Rubik-MediumItalic.ttf */; };
		25C1538DB99D4E1DAB3788DC /* Rubik-Regular.ttf in Resources */ = {isa = PBXBuildFile; fileRef = 51FCBE6CECD1461B90D4DF59 /* Rubik-Regular.ttf */; };
		21B6C51F41444B81B12C0795 /* Rubik-SemiBold.ttf in Resources */ = {isa = PBXBuildFile; fileRef = 78C0B0F6E95F4548BA04FBD9 /* Rubik-SemiBold.ttf */; };
		1FD4F450859B4243BE92A2C1 /* Rubik-SemiBoldItalic.ttf in Resources */ = {isa = PBXBuildFile; fileRef = 1F8918B9A021407AA257984A /* Rubik-SemiBoldItalic.ttf */; };
		218E4B003F17409CB1016B28 /* Rubik-VariableFont_wght.ttf in Resources */ = {isa = PBXBuildFile; fileRef = 91B4E027CF174DCABF240683 /* Rubik-VariableFont_wght.ttf */; };
/* End PBXBuildFile section */

/* Begin PBXContainerItemProxy section */
		00E356F41AD99517003FC87E /* PBXContainerItemProxy */ = {
			isa = PBXContainerItemProxy;
			containerPortal = 83CBB9F71A601CBA00E9B192 /* Project object */;
			proxyType = 1;
			remoteGlobalIDString = 13B07F861A680F5B00A75B9A;
			remoteInfo = Harrj;
		};
/* End PBXContainerItemProxy section */

/* Begin PBXFileReference section */
		00E356EE1AD99517003FC87E /* HarrjTests.xctest */ = {isa = PBXFileReference; explicitFileType = wrapper.cfbundle; includeInIndex = 0; path = HarrjTests.xctest; sourceTree = BUILT_PRODUCTS_DIR; };
		00E356F11AD99517003FC87E /* Info.plist */ = {isa = PBXFileReference; lastKnownFileType = text.plist.xml; path = Info.plist; sourceTree = "<group>"; };
		00E356F21AD99517003FC87E /* HarrjTests.m */ = {isa = PBXFileReference; lastKnownFileType = sourcecode.c.objc; path = HarrjTests.m; sourceTree = "<group>"; };
		13B07F961A680F5B00A75B9A /* Harrj.app */ = {isa = PBXFileReference; explicitFileType = wrapper.application; includeInIndex = 0; path = Harrj.app; sourceTree = BUILT_PRODUCTS_DIR; };
		13B07FAF1A68108700A75B9A /* AppDelegate.h */ = {isa = PBXFileReference; fileEncoding = 4; lastKnownFileType = sourcecode.c.h; name = AppDelegate.h; path = Harrj/AppDelegate.h; sourceTree = "<group>"; };
		13B07FB01A68108700A75B9A /* AppDelegate.mm */ = {isa = PBXFileReference; fileEncoding = 4; lastKnownFileType = sourcecode.cpp.objcpp; name = AppDelegate.mm; path = Harrj/AppDelegate.mm; sourceTree = "<group>"; };
		13B07FB51A68108700A75B9A /* Images.xcassets */ = {isa = PBXFileReference; lastKnownFileType = folder.assetcatalog; name = Images.xcassets; path = Harrj/Images.xcassets; sourceTree = "<group>"; };
		13B07FB61A68108700A75B9A /* Info.plist */ = {isa = PBXFileReference; fileEncoding = 4; lastKnownFileType = text.plist.xml; name = Info.plist; path = Harrj/Info.plist; sourceTree = "<group>"; };
		13B07FB71A68108700A75B9A /* main.m */ = {isa = PBXFileReference; fileEncoding = 4; lastKnownFileType = sourcecode.c.objc; name = main.m; path = Harrj/main.m; sourceTree = "<group>"; };
		19F6CBCC0A4E27FBF8BF4A61 /* libPods-Harrj-HarrjTests.a */ = {isa = PBXFileReference; explicitFileType = archive.ar; includeInIndex = 0; path = "libPods-Harrj-HarrjTests.a"; sourceTree = BUILT_PRODUCTS_DIR; };
		3B4392A12AC88292D35C810B /* Pods-Harrj.debug.xcconfig */ = {isa = PBXFileReference; includeInIndex = 1; lastKnownFileType = text.xcconfig; name = "Pods-Harrj.debug.xcconfig"; path = "Target Support Files/Pods-Harrj/Pods-Harrj.debug.xcconfig"; sourceTree = "<group>"; };
		5709B34CF0A7D63546082F79 /* Pods-Harrj.release.xcconfig */ = {isa = PBXFileReference; includeInIndex = 1; lastKnownFileType = text.xcconfig; name = "Pods-Harrj.release.xcconfig"; path = "Target Support Files/Pods-Harrj/Pods-Harrj.release.xcconfig"; sourceTree = "<group>"; };
		5B7EB9410499542E8C5724F5 /* Pods-Harrj-HarrjTests.debug.xcconfig */ = {isa = PBXFileReference; includeInIndex = 1; lastKnownFileType = text.xcconfig; name = "Pods-Harrj-HarrjTests.debug.xcconfig"; path = "Target Support Files/Pods-Harrj-HarrjTests/Pods-Harrj-HarrjTests.debug.xcconfig"; sourceTree = "<group>"; };
		5DCACB8F33CDC322A6C60F78 /* libPods-Harrj.a */ = {isa = PBXFileReference; explicitFileType = archive.ar; includeInIndex = 0; path = "libPods-Harrj.a"; sourceTree = BUILT_PRODUCTS_DIR; };
		81AB9BB72411601600AC10FF /* LaunchScreen.storyboard */ = {isa = PBXFileReference; fileEncoding = 4; lastKnownFileType = file.storyboard; name = LaunchScreen.storyboard; path = Harrj/LaunchScreen.storyboard; sourceTree = "<group>"; };
		89C6BE57DB24E9ADA2F236DE /* Pods-Harrj-HarrjTests.release.xcconfig */ = {isa = PBXFileReference; includeInIndex = 1; lastKnownFileType = text.xcconfig; name = "Pods-Harrj-HarrjTests.release.xcconfig"; path = "Target Support Files/Pods-Harrj-HarrjTests/Pods-Harrj-HarrjTests.release.xcconfig"; sourceTree = "<group>"; };
		ED297162215061F000B7C4FE /* JavaScriptCore.framework */ = {isa = PBXFileReference; lastKnownFileType = wrapper.framework; name = JavaScriptCore.framework; path = System/Library/Frameworks/JavaScriptCore.framework; sourceTree = SDKROOT; };
		6058864DA38040EF8BD5C50C /* Cairo-Black.ttf */ = {isa = PBXFileReference; name = "Cairo-Black.ttf"; path = "../src/assets/fonts/Cairo-Black.ttf"; sourceTree = "<group>"; fileEncoding = undefined; lastKnownFileType = unknown; explicitFileType = undefined; includeInIndex = 0; };
		D34984E22CBF4D999CA16176 /* Cairo-Bold.ttf */ = {isa = PBXFileReference; name = "Cairo-Bold.ttf"; path = "../src/assets/fonts/Cairo-Bold.ttf"; sourceTree = "<group>"; fileEncoding = undefined; lastKnownFileType = unknown; explicitFileType = undefined; includeInIndex = 0; };
		292F352A8385415386C4D2BF /* cairo-extra-light.ttf */ = {isa = PBXFileReference; name = "cairo-extra-light.ttf"; path = "../src/assets/fonts/cairo-extra-light.ttf"; sourceTree = "<group>"; fileEncoding = undefined; lastKnownFileType = unknown; explicitFileType = undefined; includeInIndex = 0; };
		B99255493B3C447587A19EEA /* Cairo-Light.ttf */ = {isa = PBXFileReference; name = "Cairo-Light.ttf"; path = "../src/assets/fonts/Cairo-Light.ttf"; sourceTree = "<group>"; fileEncoding = undefined; lastKnownFileType = unknown; explicitFileType = undefined; includeInIndex = 0; };
		B77612CCAE104CD098DBBFD3 /* Cairo-SemiBold.ttf */ = {isa = PBXFileReference; name = "Cairo-SemiBold.ttf"; path = "../src/assets/fonts/Cairo-SemiBold.ttf"; sourceTree = "<group>"; fileEncoding = undefined; lastKnownFileType = unknown; explicitFileType = undefined; includeInIndex = 0; };
		97C7BEDC3A4740D1A530717A /* Rasa-Bold.ttf */ = {isa = PBXFileReference; name = "Rasa-Bold.ttf"; path = "../src/assets/fonts/Rasa-Bold.ttf"; sourceTree = "<group>"; fileEncoding = undefined; lastKnownFileType = unknown; explicitFileType = undefined; includeInIndex = 0; };
		5328D2B2A78243E488D9D029 /* Rasa-BoldItalic.ttf */ = {isa = PBXFileReference; name = "Rasa-BoldItalic.ttf"; path = "../src/assets/fonts/Rasa-BoldItalic.ttf"; sourceTree = "<group>"; fileEncoding = undefined; lastKnownFileType = unknown; explicitFileType = undefined; includeInIndex = 0; };
		DA30DAB3D9B1447792332C8B /* Rasa-Italic.ttf */ = {isa = PBXFileReference; name = "Rasa-Italic.ttf"; path = "../src/assets/fonts/Rasa-Italic.ttf"; sourceTree = "<group>"; fileEncoding = undefined; lastKnownFileType = unknown; explicitFileType = undefined; includeInIndex = 0; };
		953200C5A96D41CBBED11CEB /* Rasa-Light.ttf */ = {isa = PBXFileReference; name = "Rasa-Light.ttf"; path = "../src/assets/fonts/Rasa-Light.ttf"; sourceTree = "<group>"; fileEncoding = undefined; lastKnownFileType = unknown; explicitFileType = undefined; includeInIndex = 0; };
		9A7B582B418146C6BAADCE1B /* Rasa-LightItalic.ttf */ = {isa = PBXFileReference; name = "Rasa-LightItalic.ttf"; path = "../src/assets/fonts/Rasa-LightItalic.ttf"; sourceTree = "<group>"; fileEncoding = undefined; lastKnownFileType = unknown; explicitFileType = undefined; includeInIndex = 0; };
		01A269FCC2414AD4A6044A0B /* Rasa-Medium.ttf */ = {isa = PBXFileReference; name = "Rasa-Medium.ttf"; path = "../src/assets/fonts/Rasa-Medium.ttf"; sourceTree = "<group>"; fileEncoding = undefined; lastKnownFileType = unknown; explicitFileType = undefined; includeInIndex = 0; };
		9EE327211E8C42E498433EA8 /* Rasa-MediumItalic.ttf */ = {isa = PBXFileReference; name = "Rasa-MediumItalic.ttf"; path = "../src/assets/fonts/Rasa-MediumItalic.ttf"; sourceTree = "<group>"; fileEncoding = undefined; lastKnownFileType = unknown; explicitFileType = undefined; includeInIndex = 0; };
		57766E3D2D9B4E01840C2248 /* Rasa-Regular.ttf */ = {isa = PBXFileReference; name = "Rasa-Regular.ttf"; path = "../src/assets/fonts/Rasa-Regular.ttf"; sourceTree = "<group>"; fileEncoding = undefined; lastKnownFileType = unknown; explicitFileType = undefined; includeInIndex = 0; };
		67A2D4D06C484CF98275FE0C /* Rasa-SemiBold.ttf */ = {isa = PBXFileReference; name = "Rasa-SemiBold.ttf"; path = "../src/assets/fonts/Rasa-SemiBold.ttf"; sourceTree = "<group>"; fileEncoding = undefined; lastKnownFileType = unknown; explicitFileType = undefined; includeInIndex = 0; };
		510A1248762C499886E8CC48 /* Rasa-SemiBoldItalic.ttf */ = {isa = PBXFileReference; name = "Rasa-SemiBoldItalic.ttf"; path = "../src/assets/fonts/Rasa-SemiBoldItalic.ttf"; sourceTree = "<group>"; fileEncoding = undefined; lastKnownFileType = unknown; explicitFileType = undefined; includeInIndex = 0; };
		9372482EF21647288C586902 /* Rubik-Black.ttf */ = {isa = PBXFileReference; name = "Rubik-Black.ttf"; path = "../src/assets/fonts/Rubik-Black.ttf"; sourceTree = "<group>"; fileEncoding = undefined; lastKnownFileType = unknown; explicitFileType = undefined; includeInIndex = 0; };
		56D93AE8A2ED4B1998F229CA /* Rubik-BlackItalic.ttf */ = {isa = PBXFileReference; name = "Rubik-BlackItalic.ttf"; path = "../src/assets/fonts/Rubik-BlackItalic.ttf"; sourceTree = "<group>"; fileEncoding = undefined; lastKnownFileType = unknown; explicitFileType = undefined; includeInIndex = 0; };
		2729FA624C4C449A88FE445E /* Rubik-Bold.ttf */ = {isa = PBXFileReference; name = "Rubik-Bold.ttf"; path = "../src/assets/fonts/Rubik-Bold.ttf"; sourceTree = "<group>"; fileEncoding = undefined; lastKnownFileType = unknown; explicitFileType = undefined; includeInIndex = 0; };
		0AE06F251A684C83B55CEBEB /* Rubik-BoldItalic.ttf */ = {isa = PBXFileReference; name = "Rubik-BoldItalic.ttf"; path = "../src/assets/fonts/Rubik-BoldItalic.ttf"; sourceTree = "<group>"; fileEncoding = undefined; lastKnownFileType = unknown; explicitFileType = undefined; includeInIndex = 0; };
		FE8ACA37DC6B46C5BD4C25FE /* Rubik-ExtraBold.ttf */ = {isa = PBXFileReference; name = "Rubik-ExtraBold.ttf"; path = "../src/assets/fonts/Rubik-ExtraBold.ttf"; sourceTree = "<group>"; fileEncoding = undefined; lastKnownFileType = unknown; explicitFileType = undefined; includeInIndex = 0; };
		366FDEFBFC674B489A5AA2BF /* Rubik-ExtraBoldItalic.ttf */ = {isa = PBXFileReference; name = "Rubik-ExtraBoldItalic.ttf"; path = "../src/assets/fonts/Rubik-ExtraBoldItalic.ttf"; sourceTree = "<group>"; fileEncoding = undefined; lastKnownFileType = unknown; explicitFileType = undefined; includeInIndex = 0; };
		57180210ACF948FE8D5AAFA0 /* Rubik-Italic-VariableFont_wght.ttf */ = {isa = PBXFileReference; name = "Rubik-Italic-VariableFont_wght.ttf"; path = "../src/assets/fonts/Rubik-Italic-VariableFont_wght.ttf"; sourceTree = "<group>"; fileEncoding = undefined; lastKnownFileType = unknown; explicitFileType = undefined; includeInIndex = 0; };
		78141303385D4FD3BDD2DD1A /* Rubik-Italic.ttf */ = {isa = PBXFileReference; name = "Rubik-Italic.ttf"; path = "../src/assets/fonts/Rubik-Italic.ttf"; sourceTree = "<group>"; fileEncoding = undefined; lastKnownFileType = unknown; explicitFileType = undefined; includeInIndex = 0; };
		3CDBAA6AC80F4BBD9597002F /* Rubik-Light.ttf */ = {isa = PBXFileReference; name = "Rubik-Light.ttf"; path = "../src/assets/fonts/Rubik-Light.ttf"; sourceTree = "<group>"; fileEncoding = undefined; lastKnownFileType = unknown; explicitFileType = undefined; includeInIndex = 0; };
		707ABD69491043D78C631191 /* Rubik-LightItalic.ttf */ = {isa = PBXFileReference; name = "Rubik-LightItalic.ttf"; path = "../src/assets/fonts/Rubik-LightItalic.ttf"; sourceTree = "<group>"; fileEncoding = undefined; lastKnownFileType = unknown; explicitFileType = undefined; includeInIndex = 0; };
		E19600928DB44D988F7B4AC3 /* Rubik-Medium.ttf */ = {isa = PBXFileReference; name = "Rubik-Medium.ttf"; path = "../src/assets/fonts/Rubik-Medium.ttf"; sourceTree = "<group>"; fileEncoding = undefined; lastKnownFileType = unknown; explicitFileType = undefined; includeInIndex = 0; };
		D76FDE7BA06F4E69932C05F8 /* Rubik-MediumItalic.ttf */ = {isa = PBXFileReference; name = "Rubik-MediumItalic.ttf"; path = "../src/assets/fonts/Rubik-MediumItalic.ttf"; sourceTree = "<group>"; fileEncoding = undefined; lastKnownFileType = unknown; explicitFileType = undefined; includeInIndex = 0; };
		51FCBE6CECD1461B90D4DF59 /* Rubik-Regular.ttf */ = {isa = PBXFileReference; name = "Rubik-Regular.ttf"; path = "../src/assets/fonts/Rubik-Regular.ttf"; sourceTree = "<group>"; fileEncoding = undefined; lastKnownFileType = unknown; explicitFileType = undefined; includeInIndex = 0; };
		78C0B0F6E95F4548BA04FBD9 /* Rubik-SemiBold.ttf */ = {isa = PBXFileReference; name = "Rubik-SemiBold.ttf"; path = "../src/assets/fonts/Rubik-SemiBold.ttf"; sourceTree = "<group>"; fileEncoding = undefined; lastKnownFileType = unknown; explicitFileType = undefined; includeInIndex = 0; };
		1F8918B9A021407AA257984A /* Rubik-SemiBoldItalic.ttf */ = {isa = PBXFileReference; name = "Rubik-SemiBoldItalic.ttf"; path = "../src/assets/fonts/Rubik-SemiBoldItalic.ttf"; sourceTree = "<group>"; fileEncoding = undefined; lastKnownFileType = unknown; explicitFileType = undefined; includeInIndex = 0; };
		91B4E027CF174DCABF240683 /* Rubik-VariableFont_wght.ttf */ = {isa = PBXFileReference; name = "Rubik-VariableFont_wght.ttf"; path = "../src/assets/fonts/Rubik-VariableFont_wght.ttf"; sourceTree = "<group>"; fileEncoding = undefined; lastKnownFileType = unknown; explicitFileType = undefined; includeInIndex = 0; };
/* End PBXFileReference section */

/* Begin PBXFrameworksBuildPhase section */
		00E356EB1AD99517003FC87E /* Frameworks */ = {
			isa = PBXFrameworksBuildPhase;
			buildActionMask = 2147483647;
			files = (
				7699B88040F8A987B510C191 /* libPods-Harrj-HarrjTests.a in Frameworks */,
			);
			runOnlyForDeploymentPostprocessing = 0;
		};
		13B07F8C1A680F5B00A75B9A /* Frameworks */ = {
			isa = PBXFrameworksBuildPhase;
			buildActionMask = 2147483647;
			files = (
				0C80B921A6F3F58F76C31292 /* libPods-Harrj.a in Frameworks */,
			);
			runOnlyForDeploymentPostprocessing = 0;
		};
/* End PBXFrameworksBuildPhase section */

/* Begin PBXGroup section */
		00E356EF1AD99517003FC87E /* HarrjTests */ = {
			isa = PBXGroup;
			children = (
				00E356F21AD99517003FC87E /* HarrjTests.m */,
				00E356F01AD99517003FC87E /* Supporting Files */,
			);
			path = HarrjTests;
			sourceTree = "<group>";
		};
		00E356F01AD99517003FC87E /* Supporting Files */ = {
			isa = PBXGroup;
			children = (
				00E356F11AD99517003FC87E /* Info.plist */,
			);
			name = "Supporting Files";
			sourceTree = "<group>";
		};
		13B07FAE1A68108700A75B9A /* Harrj */ = {
			isa = PBXGroup;
			children = (
				13B07FAF1A68108700A75B9A /* AppDelegate.h */,
				13B07FB01A68108700A75B9A /* AppDelegate.mm */,
				13B07FB51A68108700A75B9A /* Images.xcassets */,
				13B07FB61A68108700A75B9A /* Info.plist */,
				81AB9BB72411601600AC10FF /* LaunchScreen.storyboard */,
				13B07FB71A68108700A75B9A /* main.m */,
			);
			name = Harrj;
			sourceTree = "<group>";
		};
		2D16E6871FA4F8E400B85C8A /* Frameworks */ = {
			isa = PBXGroup;
			children = (
				ED297162215061F000B7C4FE /* JavaScriptCore.framework */,
				5DCACB8F33CDC322A6C60F78 /* libPods-Harrj.a */,
				19F6CBCC0A4E27FBF8BF4A61 /* libPods-Harrj-HarrjTests.a */,
			);
			name = Frameworks;
			sourceTree = "<group>";
		};
		832341AE1AAA6A7D00B99B32 /* Libraries */ = {
			isa = PBXGroup;
			children = (
			);
			name = Libraries;
			sourceTree = "<group>";
		};
		83CBB9F61A601CBA00E9B192 = {
			isa = PBXGroup;
			children = (
				13B07FAE1A68108700A75B9A /* Harrj */,
				832341AE1AAA6A7D00B99B32 /* Libraries */,
				00E356EF1AD99517003FC87E /* HarrjTests */,
				83CBBA001A601CBA00E9B192 /* Products */,
				2D16E6871FA4F8E400B85C8A /* Frameworks */,
				BBD78D7AC51CEA395F1C20DB /* Pods */,
				CB3972EC4C7D47B39D5FAA2F /* Resources */,
			);
			indentWidth = 2;
			sourceTree = "<group>";
			tabWidth = 2;
			usesTabs = 0;
		};
		83CBBA001A601CBA00E9B192 /* Products */ = {
			isa = PBXGroup;
			children = (
				13B07F961A680F5B00A75B9A /* Harrj.app */,
				00E356EE1AD99517003FC87E /* HarrjTests.xctest */,
			);
			name = Products;
			sourceTree = "<group>";
		};
		BBD78D7AC51CEA395F1C20DB /* Pods */ = {
			isa = PBXGroup;
			children = (
				3B4392A12AC88292D35C810B /* Pods-Harrj.debug.xcconfig */,
				5709B34CF0A7D63546082F79 /* Pods-Harrj.release.xcconfig */,
				5B7EB9410499542E8C5724F5 /* Pods-Harrj-HarrjTests.debug.xcconfig */,
				89C6BE57DB24E9ADA2F236DE /* Pods-Harrj-HarrjTests.release.xcconfig */,
			);
			path = Pods;
			sourceTree = "<group>";
		};
		CB3972EC4C7D47B39D5FAA2F /* Resources */ = {
			isa = "PBXGroup";
			children = (
				6058864DA38040EF8BD5C50C /* Cairo-Black.ttf */,
				D34984E22CBF4D999CA16176 /* Cairo-Bold.ttf */,
				292F352A8385415386C4D2BF /* cairo-extra-light.ttf */,
				B99255493B3C447587A19EEA /* Cairo-Light.ttf */,
				B77612CCAE104CD098DBBFD3 /* Cairo-SemiBold.ttf */,
				97C7BEDC3A4740D1A530717A /* Rasa-Bold.ttf */,
				5328D2B2A78243E488D9D029 /* Rasa-BoldItalic.ttf */,
				DA30DAB3D9B1447792332C8B /* Rasa-Italic.ttf */,
				953200C5A96D41CBBED11CEB /* Rasa-Light.ttf */,
				9A7B582B418146C6BAADCE1B /* Rasa-LightItalic.ttf */,
				01A269FCC2414AD4A6044A0B /* Rasa-Medium.ttf */,
				9EE327211E8C42E498433EA8 /* Rasa-MediumItalic.ttf */,
				57766E3D2D9B4E01840C2248 /* Rasa-Regular.ttf */,
				67A2D4D06C484CF98275FE0C /* Rasa-SemiBold.ttf */,
				510A1248762C499886E8CC48 /* Rasa-SemiBoldItalic.ttf */,
				9372482EF21647288C586902 /* Rubik-Black.ttf */,
				56D93AE8A2ED4B1998F229CA /* Rubik-BlackItalic.ttf */,
				2729FA624C4C449A88FE445E /* Rubik-Bold.ttf */,
				0AE06F251A684C83B55CEBEB /* Rubik-BoldItalic.ttf */,
				FE8ACA37DC6B46C5BD4C25FE /* Rubik-ExtraBold.ttf */,
				366FDEFBFC674B489A5AA2BF /* Rubik-ExtraBoldItalic.ttf */,
				57180210ACF948FE8D5AAFA0 /* Rubik-Italic-VariableFont_wght.ttf */,
				78141303385D4FD3BDD2DD1A /* Rubik-Italic.ttf */,
				3CDBAA6AC80F4BBD9597002F /* Rubik-Light.ttf */,
				707ABD69491043D78C631191 /* Rubik-LightItalic.ttf */,
				E19600928DB44D988F7B4AC3 /* Rubik-Medium.ttf */,
				D76FDE7BA06F4E69932C05F8 /* Rubik-MediumItalic.ttf */,
				51FCBE6CECD1461B90D4DF59 /* Rubik-Regular.ttf */,
				78C0B0F6E95F4548BA04FBD9 /* Rubik-SemiBold.ttf */,
				1F8918B9A021407AA257984A /* Rubik-SemiBoldItalic.ttf */,
				91B4E027CF174DCABF240683 /* Rubik-VariableFont_wght.ttf */,
			);
			name = Resources;
			sourceTree = "<group>";
			path = "";
		};
/* End PBXGroup section */

/* Begin PBXNativeTarget section */
		00E356ED1AD99517003FC87E /* HarrjTests */ = {
			isa = PBXNativeTarget;
			buildConfigurationList = 00E357021AD99517003FC87E /* Build configuration list for PBXNativeTarget "HarrjTests" */;
			buildPhases = (
				A55EABD7B0C7F3A422A6CC61 /* [CP] Check Pods Manifest.lock */,
				00E356EA1AD99517003FC87E /* Sources */,
				00E356EB1AD99517003FC87E /* Frameworks */,
				00E356EC1AD99517003FC87E /* Resources */,
				C59DA0FBD6956966B86A3779 /* [CP] Embed Pods Frameworks */,
				F6A41C54EA430FDDC6A6ED99 /* [CP] Copy Pods Resources */,
			);
			buildRules = (
			);
			dependencies = (
				00E356F51AD99517003FC87E /* PBXTargetDependency */,
			);
			name = HarrjTests;
			productName = HarrjTests;
			productReference = 00E356EE1AD99517003FC87E /* HarrjTests.xctest */;
			productType = "com.apple.product-type.bundle.unit-test";
		};
		13B07F861A680F5B00A75B9A /* Harrj */ = {
			isa = PBXNativeTarget;
			buildConfigurationList = 13B07F931A680F5B00A75B9A /* Build configuration list for PBXNativeTarget "Harrj" */;
			buildPhases = (
				C38B50BA6285516D6DCD4F65 /* [CP] Check Pods Manifest.lock */,
				FD10A7F022414F080027D42C /* Start Packager */,
				13B07F871A680F5B00A75B9A /* Sources */,
				13B07F8C1A680F5B00A75B9A /* Frameworks */,
				13B07F8E1A680F5B00A75B9A /* Resources */,
				00DD1BFF1BD5951E006B06BC /* Bundle React Native code and images */,
				00EEFC60759A1932668264C0 /* [CP] Embed Pods Frameworks */,
				E235C05ADACE081382539298 /* [CP] Copy Pods Resources */,
			);
			buildRules = (
			);
			dependencies = (
			);
			name = Harrj;
			productName = Harrj;
			productReference = 13B07F961A680F5B00A75B9A /* Harrj.app */;
			productType = "com.apple.product-type.application";
		};
/* End PBXNativeTarget section */

/* Begin PBXProject section */
		83CBB9F71A601CBA00E9B192 /* Project object */ = {
			isa = PBXProject;
			attributes = {
				LastUpgradeCheck = 1210;
				TargetAttributes = {
					00E356ED1AD99517003FC87E = {
						CreatedOnToolsVersion = 6.2;
						TestTargetID = 13B07F861A680F5B00A75B9A;
					};
					13B07F861A680F5B00A75B9A = {
						LastSwiftMigration = 1120;
					};
				};
			};
			buildConfigurationList = 83CBB9FA1A601CBA00E9B192 /* Build configuration list for PBXProject "Harrj" */;
			compatibilityVersion = "Xcode 12.0";
			developmentRegion = en;
			hasScannedForEncodings = 0;
			knownRegions = (
				en,
				Base,
			);
			mainGroup = 83CBB9F61A601CBA00E9B192;
			productRefGroup = 83CBBA001A601CBA00E9B192 /* Products */;
			projectDirPath = "";
			projectRoot = "";
			targets = (
				13B07F861A680F5B00A75B9A /* Harrj */,
				00E356ED1AD99517003FC87E /* HarrjTests */,
			);
		};
/* End PBXProject section */

/* Begin PBXResourcesBuildPhase section */
		00E356EC1AD99517003FC87E /* Resources */ = {
			isa = PBXResourcesBuildPhase;
			buildActionMask = 2147483647;
			files = (
			);
			runOnlyForDeploymentPostprocessing = 0;
		};
		13B07F8E1A680F5B00A75B9A /* Resources */ = {
			isa = PBXResourcesBuildPhase;
			buildActionMask = 2147483647;
			files = (
				81AB9BB82411601600AC10FF /* LaunchScreen.storyboard in Resources */,
				13B07FBF1A68108700A75B9A /* Images.xcassets in Resources */,
				2DDDC97D58284FA2A000DDEC /* Cairo-Black.ttf in Resources */,
				32E68EBCA3DB468785E9EE5F /* Cairo-Bold.ttf in Resources */,
				6D20E1B3A9004BB3B14DC4E6 /* cairo-extra-light.ttf in Resources */,
				06C24989C6174C238C799285 /* Cairo-Light.ttf in Resources */,
				504225BEB42943F5936F4CD3 /* Cairo-SemiBold.ttf in Resources */,
				490ED65E720B49A5B2A194ED /* Rasa-Bold.ttf in Resources */,
				B78EBD6225844A6B8F30353F /* Rasa-BoldItalic.ttf in Resources */,
				36CB3B85F0B046A19257482E /* Rasa-Italic.ttf in Resources */,
				F8CF5D0B21CC4533B196FD46 /* Rasa-Light.ttf in Resources */,
				9FF7C458631B4245A53CD97F /* Rasa-LightItalic.ttf in Resources */,
				324B7E2FAA344293B7EB78A8 /* Rasa-Medium.ttf in Resources */,
				D0E1CD770219444FBF6E3D49 /* Rasa-MediumItalic.ttf in Resources */,
				93960A8AD8E943F58E5F2E13 /* Rasa-Regular.ttf in Resources */,
				7E9B8EAC670F4AE1B59FA020 /* Rasa-SemiBold.ttf in Resources */,
				74D5233F0B2E4E128B8AAD13 /* Rasa-SemiBoldItalic.ttf in Resources */,
				63B9EF8CCB1C441EB6BDFBAF /* Rubik-Black.ttf in Resources */,
				8DF5B944957941C1BE5864ED /* Rubik-BlackItalic.ttf in Resources */,
				91123E48429A48FE81F855F2 /* Rubik-Bold.ttf in Resources */,
				8522C32CB5B942A7B5D7DA9F /* Rubik-BoldItalic.ttf in Resources */,
				09ECE00D2DE74A0C9D7EB13B /* Rubik-ExtraBold.ttf in Resources */,
				2F566D03D4124A2A8F5D2BD0 /* Rubik-ExtraBoldItalic.ttf in Resources */,
				A3EC059CA8E44F37813C17F5 /* Rubik-Italic-VariableFont_wght.ttf in Resources */,
				47C33A3234514235B11F8E6C /* Rubik-Italic.ttf in Resources */,
				252AFE699D3D4A6EBDA9E209 /* Rubik-Light.ttf in Resources */,
				D47F772BB4DB46A2A704040B /* Rubik-LightItalic.ttf in Resources */,
				F1B13D1548214BBBBA92F342 /* Rubik-Medium.ttf in Resources */,
				BCCCCC550AB647158337AA78 /* Rubik-MediumItalic.ttf in Resources */,
				25C1538DB99D4E1DAB3788DC /* Rubik-Regular.ttf in Resources */,
				21B6C51F41444B81B12C0795 /* Rubik-SemiBold.ttf in Resources */,
				1FD4F450859B4243BE92A2C1 /* Rubik-SemiBoldItalic.ttf in Resources */,
				218E4B003F17409CB1016B28 /* Rubik-VariableFont_wght.ttf in Resources */,
			);
			runOnlyForDeploymentPostprocessing = 0;
		};
/* End PBXResourcesBuildPhase section */

/* Begin PBXShellScriptBuildPhase section */
		00DD1BFF1BD5951E006B06BC /* Bundle React Native code and images */ = {
			isa = PBXShellScriptBuildPhase;
			buildActionMask = 2147483647;
			files = (
			);
			inputPaths = (
				"$(SRCROOT)/.xcode.env.local",
				"$(SRCROOT)/.xcode.env",
			);
			name = "Bundle React Native code and images";
			outputPaths = (
			);
			runOnlyForDeploymentPostprocessing = 0;
			shellPath = /bin/sh;
			shellScript = "set -e\n\nWITH_ENVIRONMENT=\"../node_modules/react-native/scripts/xcode/with-environment.sh\"\nREACT_NATIVE_XCODE=\"../node_modules/react-native/scripts/react-native-xcode.sh\"\n\n/bin/sh -c \"$WITH_ENVIRONMENT $REACT_NATIVE_XCODE\"\n";
		};
		00EEFC60759A1932668264C0 /* [CP] Embed Pods Frameworks */ = {
			isa = PBXShellScriptBuildPhase;
			buildActionMask = 2147483647;
			files = (
			);
			inputFileListPaths = (
				"${PODS_ROOT}/Target Support Files/Pods-Harrj/Pods-Harrj-frameworks-${CONFIGURATION}-input-files.xcfilelist",
			);
			name = "[CP] Embed Pods Frameworks";
			outputFileListPaths = (
				"${PODS_ROOT}/Target Support Files/Pods-Harrj/Pods-Harrj-frameworks-${CONFIGURATION}-output-files.xcfilelist",
			);
			runOnlyForDeploymentPostprocessing = 0;
			shellPath = /bin/sh;
			shellScript = "\"${PODS_ROOT}/Target Support Files/Pods-Harrj/Pods-Harrj-frameworks.sh\"\n";
			showEnvVarsInLog = 0;
		};
		A55EABD7B0C7F3A422A6CC61 /* [CP] Check Pods Manifest.lock */ = {
			isa = PBXShellScriptBuildPhase;
			buildActionMask = 2147483647;
			files = (
			);
			inputFileListPaths = (
			);
			inputPaths = (
				"${PODS_PODFILE_DIR_PATH}/Podfile.lock",
				"${PODS_ROOT}/Manifest.lock",
			);
			name = "[CP] Check Pods Manifest.lock";
			outputFileListPaths = (
			);
			outputPaths = (
				"$(DERIVED_FILE_DIR)/Pods-Harrj-HarrjTests-checkManifestLockResult.txt",
			);
			runOnlyForDeploymentPostprocessing = 0;
			shellPath = /bin/sh;
			shellScript = "diff \"${PODS_PODFILE_DIR_PATH}/Podfile.lock\" \"${PODS_ROOT}/Manifest.lock\" > /dev/null\nif [ $? != 0 ] ; then\n    # print error to STDERR\n    echo \"error: The sandbox is not in sync with the Podfile.lock. Run 'pod install' or update your CocoaPods installation.\" >&2\n    exit 1\nfi\n# This output is used by Xcode 'outputs' to avoid re-running this script phase.\necho \"SUCCESS\" > \"${SCRIPT_OUTPUT_FILE_0}\"\n";
			showEnvVarsInLog = 0;
		};
		C38B50BA6285516D6DCD4F65 /* [CP] Check Pods Manifest.lock */ = {
			isa = PBXShellScriptBuildPhase;
			buildActionMask = 2147483647;
			files = (
			);
			inputFileListPaths = (
			);
			inputPaths = (
				"${PODS_PODFILE_DIR_PATH}/Podfile.lock",
				"${PODS_ROOT}/Manifest.lock",
			);
			name = "[CP] Check Pods Manifest.lock";
			outputFileListPaths = (
			);
			outputPaths = (
				"$(DERIVED_FILE_DIR)/Pods-Harrj-checkManifestLockResult.txt",
			);
			runOnlyForDeploymentPostprocessing = 0;
			shellPath = /bin/sh;
			shellScript = "diff \"${PODS_PODFILE_DIR_PATH}/Podfile.lock\" \"${PODS_ROOT}/Manifest.lock\" > /dev/null\nif [ $? != 0 ] ; then\n    # print error to STDERR\n    echo \"error: The sandbox is not in sync with the Podfile.lock. Run 'pod install' or update your CocoaPods installation.\" >&2\n    exit 1\nfi\n# This output is used by Xcode 'outputs' to avoid re-running this script phase.\necho \"SUCCESS\" > \"${SCRIPT_OUTPUT_FILE_0}\"\n";
			showEnvVarsInLog = 0;
		};
		C59DA0FBD6956966B86A3779 /* [CP] Embed Pods Frameworks */ = {
			isa = PBXShellScriptBuildPhase;
			buildActionMask = 2147483647;
			files = (
			);
			inputFileListPaths = (
				"${PODS_ROOT}/Target Support Files/Pods-Harrj-HarrjTests/Pods-Harrj-HarrjTests-frameworks-${CONFIGURATION}-input-files.xcfilelist",
			);
			name = "[CP] Embed Pods Frameworks";
			outputFileListPaths = (
				"${PODS_ROOT}/Target Support Files/Pods-Harrj-HarrjTests/Pods-Harrj-HarrjTests-frameworks-${CONFIGURATION}-output-files.xcfilelist",
			);
			runOnlyForDeploymentPostprocessing = 0;
			shellPath = /bin/sh;
			shellScript = "\"${PODS_ROOT}/Target Support Files/Pods-Harrj-HarrjTests/Pods-Harrj-HarrjTests-frameworks.sh\"\n";
			showEnvVarsInLog = 0;
		};
		E235C05ADACE081382539298 /* [CP] Copy Pods Resources */ = {
			isa = PBXShellScriptBuildPhase;
			buildActionMask = 2147483647;
			files = (
			);
			inputFileListPaths = (
				"${PODS_ROOT}/Target Support Files/Pods-Harrj/Pods-Harrj-resources-${CONFIGURATION}-input-files.xcfilelist",
			);
			name = "[CP] Copy Pods Resources";
			outputFileListPaths = (
				"${PODS_ROOT}/Target Support Files/Pods-Harrj/Pods-Harrj-resources-${CONFIGURATION}-output-files.xcfilelist",
			);
			runOnlyForDeploymentPostprocessing = 0;
			shellPath = /bin/sh;
			shellScript = "\"${PODS_ROOT}/Target Support Files/Pods-Harrj/Pods-Harrj-resources.sh\"\n";
			showEnvVarsInLog = 0;
		};
		F6A41C54EA430FDDC6A6ED99 /* [CP] Copy Pods Resources */ = {
			isa = PBXShellScriptBuildPhase;
			buildActionMask = 2147483647;
			files = (
			);
			inputFileListPaths = (
				"${PODS_ROOT}/Target Support Files/Pods-Harrj-HarrjTests/Pods-Harrj-HarrjTests-resources-${CONFIGURATION}-input-files.xcfilelist",
			);
			name = "[CP] Copy Pods Resources";
			outputFileListPaths = (
				"${PODS_ROOT}/Target Support Files/Pods-Harrj-HarrjTests/Pods-Harrj-HarrjTests-resources-${CONFIGURATION}-output-files.xcfilelist",
			);
			runOnlyForDeploymentPostprocessing = 0;
			shellPath = /bin/sh;
			shellScript = "\"${PODS_ROOT}/Target Support Files/Pods-Harrj-HarrjTests/Pods-Harrj-HarrjTests-resources.sh\"\n";
			showEnvVarsInLog = 0;
		};
		FD10A7F022414F080027D42C /* Start Packager */ = {
			isa = PBXShellScriptBuildPhase;
			buildActionMask = 2147483647;
			files = (
			);
			inputFileListPaths = (
			);
			inputPaths = (
			);
			name = "Start Packager";
			outputFileListPaths = (
			);
			outputPaths = (
			);
			runOnlyForDeploymentPostprocessing = 0;
			shellPath = /bin/sh;
			shellScript = "export RCT_METRO_PORT=\"${RCT_METRO_PORT:=8081}\"\necho \"export RCT_METRO_PORT=${RCT_METRO_PORT}\" > \"${SRCROOT}/../node_modules/react-native/scripts/.packager.env\"\nif [ -z \"${RCT_NO_LAUNCH_PACKAGER+xxx}\" ] ; then\n  if nc -w 5 -z localhost ${RCT_METRO_PORT} ; then\n    if ! curl -s \"http://localhost:${RCT_METRO_PORT}/status\" | grep -q \"packager-status:running\" ; then\n      echo \"Port ${RCT_METRO_PORT} already in use, packager is either not running or not running correctly\"\n      exit 2\n    fi\n  else\n    open \"$SRCROOT/../node_modules/react-native/scripts/launchPackager.command\" || echo \"Can't start packager automatically\"\n  fi\nfi\n";
			showEnvVarsInLog = 0;
		};
/* End PBXShellScriptBuildPhase section */

/* Begin PBXSourcesBuildPhase section */
		00E356EA1AD99517003FC87E /* Sources */ = {
			isa = PBXSourcesBuildPhase;
			buildActionMask = 2147483647;
			files = (
				00E356F31AD99517003FC87E /* HarrjTests.m in Sources */,
			);
			runOnlyForDeploymentPostprocessing = 0;
		};
		13B07F871A680F5B00A75B9A /* Sources */ = {
			isa = PBXSourcesBuildPhase;
			buildActionMask = 2147483647;
			files = (
				13B07FBC1A68108700A75B9A /* AppDelegate.mm in Sources */,
				13B07FC11A68108700A75B9A /* main.m in Sources */,
			);
			runOnlyForDeploymentPostprocessing = 0;
		};
/* End PBXSourcesBuildPhase section */

/* Begin PBXTargetDependency section */
		00E356F51AD99517003FC87E /* PBXTargetDependency */ = {
			isa = PBXTargetDependency;
			target = 13B07F861A680F5B00A75B9A /* Harrj */;
			targetProxy = 00E356F41AD99517003FC87E /* PBXContainerItemProxy */;
		};
/* End PBXTargetDependency section */

/* Begin XCBuildConfiguration section */
		00E356F61AD99517003FC87E /* Debug */ = {
			isa = XCBuildConfiguration;
			baseConfigurationReference = 5B7EB9410499542E8C5724F5 /* Pods-Harrj-HarrjTests.debug.xcconfig */;
			buildSettings = {
				BUNDLE_LOADER = "$(TEST_HOST)";
				GCC_PREPROCESSOR_DEFINITIONS = (
					"DEBUG=1",
					"$(inherited)",
				);
				INFOPLIST_FILE = HarrjTests/Info.plist;
				IPHONEOS_DEPLOYMENT_TARGET = 12.4;
				LD_RUNPATH_SEARCH_PATHS = (
					"$(inherited)",
					"@executable_path/Frameworks",
					"@loader_path/Frameworks",
				);
				OTHER_LDFLAGS = (
					"-ObjC",
					"-lc++",
					"$(inherited)",
				);
				PRODUCT_BUNDLE_IDENTIFIER = "org.reactjs.native.example.$(PRODUCT_NAME:rfc1034identifier)";
				PRODUCT_NAME = "$(TARGET_NAME)";
				TEST_HOST = "$(BUILT_PRODUCTS_DIR)/Harrj.app/Harrj";
			};
			name = Debug;
		};
		00E356F71AD99517003FC87E /* Release */ = {
			isa = XCBuildConfiguration;
			baseConfigurationReference = 89C6BE57DB24E9ADA2F236DE /* Pods-Harrj-HarrjTests.release.xcconfig */;
			buildSettings = {
				BUNDLE_LOADER = "$(TEST_HOST)";
				COPY_PHASE_STRIP = NO;
				INFOPLIST_FILE = HarrjTests/Info.plist;
				IPHONEOS_DEPLOYMENT_TARGET = 12.4;
				LD_RUNPATH_SEARCH_PATHS = (
					"$(inherited)",
					"@executable_path/Frameworks",
					"@loader_path/Frameworks",
				);
				OTHER_LDFLAGS = (
					"-ObjC",
					"-lc++",
					"$(inherited)",
				);
				PRODUCT_BUNDLE_IDENTIFIER = "org.reactjs.native.example.$(PRODUCT_NAME:rfc1034identifier)";
				PRODUCT_NAME = "$(TARGET_NAME)";
				TEST_HOST = "$(BUILT_PRODUCTS_DIR)/Harrj.app/Harrj";
			};
			name = Release;
		};
		13B07F941A680F5B00A75B9A /* Debug */ = {
			isa = XCBuildConfiguration;
			baseConfigurationReference = 3B4392A12AC88292D35C810B /* Pods-Harrj.debug.xcconfig */;
			buildSettings = {
				ASSETCATALOG_COMPILER_APPICON_NAME = AppIcon;
				CLANG_ENABLE_MODULES = YES;
				CURRENT_PROJECT_VERSION = 1;
				ENABLE_BITCODE = NO;
				INFOPLIST_FILE = Harrj/Info.plist;
				LD_RUNPATH_SEARCH_PATHS = (
					"$(inherited)",
					"@executable_path/Frameworks",
				);
				OTHER_LDFLAGS = (
					"$(inherited)",
					"-ObjC",
					"-lc++",
				);
				PRODUCT_BUNDLE_IDENTIFIER = "org.reactjs.native.example.$(PRODUCT_NAME:rfc1034identifier)";
				PRODUCT_NAME = Harrj;
				SWIFT_OPTIMIZATION_LEVEL = "-Onone";
				SWIFT_VERSION = 5.0;
				VERSIONING_SYSTEM = "apple-generic";
			};
			name = Debug;
		};
		13B07F951A680F5B00A75B9A /* Release */ = {
			isa = XCBuildConfiguration;
			baseConfigurationReference = 5709B34CF0A7D63546082F79 /* Pods-Harrj.release.xcconfig */;
			buildSettings = {
				ASSETCATALOG_COMPILER_APPICON_NAME = AppIcon;
				CLANG_ENABLE_MODULES = YES;
				CURRENT_PROJECT_VERSION = 1;
				INFOPLIST_FILE = Harrj/Info.plist;
				LD_RUNPATH_SEARCH_PATHS = (
					"$(inherited)",
					"@executable_path/Frameworks",
				);
				OTHER_LDFLAGS = (
					"$(inherited)",
					"-ObjC",
					"-lc++",
				);
				PRODUCT_BUNDLE_IDENTIFIER = "org.reactjs.native.example.$(PRODUCT_NAME:rfc1034identifier)";
				PRODUCT_NAME = Harrj;
				SWIFT_VERSION = 5.0;
				VERSIONING_SYSTEM = "apple-generic";
			};
			name = Release;
		};
		83CBBA201A601CBA00E9B192 /* Debug */ = {
			isa = XCBuildConfiguration;
			buildSettings = {
				ALWAYS_SEARCH_USER_PATHS = NO;
				CLANG_ANALYZER_LOCALIZABILITY_NONLOCALIZED = YES;
				CLANG_CXX_LANGUAGE_STANDARD = "c++17";
				CLANG_CXX_LIBRARY = "libc++";
				CLANG_ENABLE_MODULES = YES;
				CLANG_ENABLE_OBJC_ARC = YES;
				CLANG_WARN_BLOCK_CAPTURE_AUTORELEASING = YES;
				CLANG_WARN_BOOL_CONVERSION = YES;
				CLANG_WARN_COMMA = YES;
				CLANG_WARN_CONSTANT_CONVERSION = YES;
				CLANG_WARN_DEPRECATED_OBJC_IMPLEMENTATIONS = YES;
				CLANG_WARN_DIRECT_OBJC_ISA_USAGE = YES_ERROR;
				CLANG_WARN_EMPTY_BODY = YES;
				CLANG_WARN_ENUM_CONVERSION = YES;
				CLANG_WARN_INFINITE_RECURSION = YES;
				CLANG_WARN_INT_CONVERSION = YES;
				CLANG_WARN_NON_LITERAL_NULL_CONVERSION = YES;
				CLANG_WARN_OBJC_IMPLICIT_RETAIN_SELF = YES;
				CLANG_WARN_OBJC_LITERAL_CONVERSION = YES;
				CLANG_WARN_OBJC_ROOT_CLASS = YES_ERROR;
				CLANG_WARN_QUOTED_INCLUDE_IN_FRAMEWORK_HEADER = YES;
				CLANG_WARN_RANGE_LOOP_ANALYSIS = YES;
				CLANG_WARN_STRICT_PROTOTYPES = YES;
				CLANG_WARN_SUSPICIOUS_MOVE = YES;
				CLANG_WARN_UNREACHABLE_CODE = YES;
				CLANG_WARN__DUPLICATE_METHOD_MATCH = YES;
				"CODE_SIGN_IDENTITY[sdk=iphoneos*]" = "iPhone Developer";
				COPY_PHASE_STRIP = NO;
				ENABLE_STRICT_OBJC_MSGSEND = YES;
				ENABLE_TESTABILITY = YES;
				"EXCLUDED_ARCHS[sdk=iphonesimulator*]" = "";
				GCC_C_LANGUAGE_STANDARD = gnu99;
				GCC_DYNAMIC_NO_PIC = NO;
				GCC_NO_COMMON_BLOCKS = YES;
				GCC_OPTIMIZATION_LEVEL = 0;
				GCC_PREPROCESSOR_DEFINITIONS = (
					"DEBUG=1",
					"$(inherited)",
				);
				GCC_SYMBOLS_PRIVATE_EXTERN = NO;
				GCC_WARN_64_TO_32_BIT_CONVERSION = YES;
				GCC_WARN_ABOUT_RETURN_TYPE = YES_ERROR;
				GCC_WARN_UNDECLARED_SELECTOR = YES;
				GCC_WARN_UNINITIALIZED_AUTOS = YES_AGGRESSIVE;
				GCC_WARN_UNUSED_FUNCTION = YES;
				GCC_WARN_UNUSED_VARIABLE = YES;
				IPHONEOS_DEPLOYMENT_TARGET = 12.4;
				LD_RUNPATH_SEARCH_PATHS = (
					/usr/lib/swift,
					"$(inherited)",
				);
				LIBRARY_SEARCH_PATHS = (
					"\"$(SDKROOT)/usr/lib/swift\"",
					"\"$(TOOLCHAIN_DIR)/usr/lib/swift/$(PLATFORM_NAME)\"",
					"\"$(inherited)\"",
				);
				MTL_ENABLE_DEBUG_INFO = YES;
				ONLY_ACTIVE_ARCH = YES;
				OTHER_CPLUSPLUSFLAGS = (
					"$(OTHER_CFLAGS)",
					"-DFOLLY_NO_CONFIG",
					"-DFOLLY_MOBILE=1",
					"-DFOLLY_USE_LIBCPP=1",
				);
				SDKROOT = iphoneos;
			};
			name = Debug;
		};
		83CBBA211A601CBA00E9B192 /* Release */ = {
			isa = XCBuildConfiguration;
			buildSettings = {
				ALWAYS_SEARCH_USER_PATHS = NO;
				CLANG_ANALYZER_LOCALIZABILITY_NONLOCALIZED = YES;
				CLANG_CXX_LANGUAGE_STANDARD = "c++17";
				CLANG_CXX_LIBRARY = "libc++";
				CLANG_ENABLE_MODULES = YES;
				CLANG_ENABLE_OBJC_ARC = YES;
				CLANG_WARN_BLOCK_CAPTURE_AUTORELEASING = YES;
				CLANG_WARN_BOOL_CONVERSION = YES;
				CLANG_WARN_COMMA = YES;
				CLANG_WARN_CONSTANT_CONVERSION = YES;
				CLANG_WARN_DEPRECATED_OBJC_IMPLEMENTATIONS = YES;
				CLANG_WARN_DIRECT_OBJC_ISA_USAGE = YES_ERROR;
				CLANG_WARN_EMPTY_BODY = YES;
				CLANG_WARN_ENUM_CONVERSION = YES;
				CLANG_WARN_INFINITE_RECURSION = YES;
				CLANG_WARN_INT_CONVERSION = YES;
				CLANG_WARN_NON_LITERAL_NULL_CONVERSION = YES;
				CLANG_WARN_OBJC_IMPLICIT_RETAIN_SELF = YES;
				CLANG_WARN_OBJC_LITERAL_CONVERSION = YES;
				CLANG_WARN_OBJC_ROOT_CLASS = YES_ERROR;
				CLANG_WARN_QUOTED_INCLUDE_IN_FRAMEWORK_HEADER = YES;
				CLANG_WARN_RANGE_LOOP_ANALYSIS = YES;
				CLANG_WARN_STRICT_PROTOTYPES = YES;
				CLANG_WARN_SUSPICIOUS_MOVE = YES;
				CLANG_WARN_UNREACHABLE_CODE = YES;
				CLANG_WARN__DUPLICATE_METHOD_MATCH = YES;
				"CODE_SIGN_IDENTITY[sdk=iphoneos*]" = "iPhone Developer";
				COPY_PHASE_STRIP = YES;
				ENABLE_NS_ASSERTIONS = NO;
				ENABLE_STRICT_OBJC_MSGSEND = YES;
				"EXCLUDED_ARCHS[sdk=iphonesimulator*]" = "";
				GCC_C_LANGUAGE_STANDARD = gnu99;
				GCC_NO_COMMON_BLOCKS = YES;
				GCC_WARN_64_TO_32_BIT_CONVERSION = YES;
				GCC_WARN_ABOUT_RETURN_TYPE = YES_ERROR;
				GCC_WARN_UNDECLARED_SELECTOR = YES;
				GCC_WARN_UNINITIALIZED_AUTOS = YES_AGGRESSIVE;
				GCC_WARN_UNUSED_FUNCTION = YES;
				GCC_WARN_UNUSED_VARIABLE = YES;
				IPHONEOS_DEPLOYMENT_TARGET = 12.4;
				LD_RUNPATH_SEARCH_PATHS = (
					/usr/lib/swift,
					"$(inherited)",
				);
				LIBRARY_SEARCH_PATHS = (
					"\"$(SDKROOT)/usr/lib/swift\"",
					"\"$(TOOLCHAIN_DIR)/usr/lib/swift/$(PLATFORM_NAME)\"",
					"\"$(inherited)\"",
				);
				MTL_ENABLE_DEBUG_INFO = NO;
				OTHER_CPLUSPLUSFLAGS = (
					"$(OTHER_CFLAGS)",
					"-DFOLLY_NO_CONFIG",
					"-DFOLLY_MOBILE=1",
					"-DFOLLY_USE_LIBCPP=1",
				);
				SDKROOT = iphoneos;
				VALIDATE_PRODUCT = YES;
			};
			name = Release;
		};
/* End XCBuildConfiguration section */

/* Begin XCConfigurationList section */
		00E357021AD99517003FC87E /* Build configuration list for PBXNativeTarget "HarrjTests" */ = {
			isa = XCConfigurationList;
			buildConfigurations = (
				00E356F61AD99517003FC87E /* Debug */,
				00E356F71AD99517003FC87E /* Release */,
			);
			defaultConfigurationIsVisible = 0;
			defaultConfigurationName = Release;
		};
		13B07F931A680F5B00A75B9A /* Build configuration list for PBXNativeTarget "Harrj" */ = {
			isa = XCConfigurationList;
			buildConfigurations = (
				13B07F941A680F5B00A75B9A /* Debug */,
				13B07F951A680F5B00A75B9A /* Release */,
			);
			defaultConfigurationIsVisible = 0;
			defaultConfigurationName = Release;
		};
		83CBB9FA1A601CBA00E9B192 /* Build configuration list for PBXProject "Harrj" */ = {
			isa = XCConfigurationList;
			buildConfigurations = (
				83CBBA201A601CBA00E9B192 /* Debug */,
				83CBBA211A601CBA00E9B192 /* Release */,
			);
			defaultConfigurationIsVisible = 0;
			defaultConfigurationName = Release;
		};
/* End XCConfigurationList section */
	};
	rootObject = 83CBB9F71A601CBA00E9B192 /* Project object */;
}
